// !$*UTF8*$!
{
	archiveVersion = 1;
	classes = {
	};
	objectVersion = 56;
	objects = {

/* Begin PBXBuildFile section */
		00AC07AA2BEF97B100C8EF16 /* AppleMusicApp.swift in Sources */ = {isa = PBXBuildFile; fileRef = 00AC07A92BEF97B100C8EF16 /* AppleMusicApp.swift */; };
		00AC07AC2BEF97B100C8EF16 /* ContentView.swift in Sources */ = {isa = PBXBuildFile; fileRef = 00AC07AB2BEF97B100C8EF16 /* ContentView.swift */; };
		00AC07AE2BEF97B200C8EF16 /* Assets.xcassets in Resources */ = {isa = PBXBuildFile; fileRef = 00AC07AD2BEF97B200C8EF16 /* Assets.xcassets */; };
		00AC07B12BEF97B200C8EF16 /* Preview Assets.xcassets in Resources */ = {isa = PBXBuildFile; fileRef = 00AC07B02BEF97B200C8EF16 /* Preview Assets.xcassets */; };
		00AC07B82BEF9A8200C8EF16 /* LibraryView.swift in Sources */ = {isa = PBXBuildFile; fileRef = 00AC07B72BEF9A8200C8EF16 /* LibraryView.swift */; };
		00AC07BC2BEF9B4100C8EF16 /* AppTabView.swift in Sources */ = {isa = PBXBuildFile; fileRef = 00AC07BB2BEF9B4100C8EF16 /* AppTabView.swift */; };
		00AC07BE2BEFB36A00C8EF16 /* PlayerView.swift in Sources */ = {isa = PBXBuildFile; fileRef = 00AC07BD2BEFB36A00C8EF16 /* PlayerView.swift */; };
		00AC07C02BF11C5000C8EF16 /* CategoryListView.swift in Sources */ = {isa = PBXBuildFile; fileRef = 00AC07BF2BF11C5000C8EF16 /* CategoryListView.swift */; };
		00AC07C32BF125E100C8EF16 /* Category.swift in Sources */ = {isa = PBXBuildFile; fileRef = 00AC07C22BF125E100C8EF16 /* Category.swift */; };
		00AC07C62BF126BD00C8EF16 /* Category+Ext.swift in Sources */ = {isa = PBXBuildFile; fileRef = 00AC07C52BF126BD00C8EF16 /* Category+Ext.swift */; };
/* End PBXBuildFile section */

/* Begin PBXFileReference section */
		00AC07A62BEF97B100C8EF16 /* AppleMusic.app */ = {isa = PBXFileReference; explicitFileType = wrapper.application; includeInIndex = 0; path = AppleMusic.app; sourceTree = BUILT_PRODUCTS_DIR; };
		00AC07A92BEF97B100C8EF16 /* AppleMusicApp.swift */ = {isa = PBXFileReference; lastKnownFileType = sourcecode.swift; path = AppleMusicApp.swift; sourceTree = "<group>"; };
		00AC07AB2BEF97B100C8EF16 /* ContentView.swift */ = {isa = PBXFileReference; lastKnownFileType = sourcecode.swift; path = ContentView.swift; sourceTree = "<group>"; };
		00AC07AD2BEF97B200C8EF16 /* Assets.xcassets */ = {isa = PBXFileReference; lastKnownFileType = folder.assetcatalog; path = Assets.xcassets; sourceTree = "<group>"; };
		00AC07B02BEF97B200C8EF16 /* Preview Assets.xcassets */ = {isa = PBXFileReference; lastKnownFileType = folder.assetcatalog; path = "Preview Assets.xcassets"; sourceTree = "<group>"; };
		00AC07B72BEF9A8200C8EF16 /* LibraryView.swift */ = {isa = PBXFileReference; lastKnownFileType = sourcecode.swift; path = LibraryView.swift; sourceTree = "<group>"; };
		00AC07BB2BEF9B4100C8EF16 /* AppTabView.swift */ = {isa = PBXFileReference; lastKnownFileType = sourcecode.swift; path = AppTabView.swift; sourceTree = "<group>"; };
		00AC07BD2BEFB36A00C8EF16 /* PlayerView.swift */ = {isa = PBXFileReference; lastKnownFileType = sourcecode.swift; path = PlayerView.swift; sourceTree = "<group>"; };
		00AC07BF2BF11C5000C8EF16 /* CategoryListView.swift */ = {isa = PBXFileReference; lastKnownFileType = sourcecode.swift; path = CategoryListView.swift; sourceTree = "<group>"; };
		00AC07C22BF125E100C8EF16 /* Category.swift */ = {isa = PBXFileReference; lastKnownFileType = sourcecode.swift; path = Category.swift; sourceTree = "<group>"; };
		00AC07C52BF126BD00C8EF16 /* Category+Ext.swift */ = {isa = PBXFileReference; lastKnownFileType = sourcecode.swift; path = "Category+Ext.swift"; sourceTree = "<group>"; };
/* End PBXFileReference section */

/* Begin PBXFrameworksBuildPhase section */
		00AC07A32BEF97B100C8EF16 /* Frameworks */ = {
			isa = PBXFrameworksBuildPhase;
			buildActionMask = 2147483647;
			files = (
			);
			runOnlyForDeploymentPostprocessing = 0;
		};
/* End PBXFrameworksBuildPhase section */

/* Begin PBXGroup section */
		00AC079D2BEF97B100C8EF16 = {
			isa = PBXGroup;
			children = (
				00AC07A82BEF97B100C8EF16 /* iOS12-HW23-Daniil-Ivanov */,
				00AC07A72BEF97B100C8EF16 /* Products */,
			);
			sourceTree = "<group>";
		};
		00AC07A72BEF97B100C8EF16 /* Products */ = {
			isa = PBXGroup;
			children = (
				00AC07A62BEF97B100C8EF16 /* AppleMusic.app */,
			);
			name = Products;
			sourceTree = "<group>";
		};
		00AC07A82BEF97B100C8EF16 /* iOS12-HW23-Daniil-Ivanov */ = {
			isa = PBXGroup;
			children = (
				00AC07B92BEF9B0E00C8EF16 /* App */,
				00AC07BA2BEF9B1400C8EF16 /* View */,
				00AC07C12BF125D700C8EF16 /* Model */,
				00AC07C42BF126A600C8EF16 /* Extensions */,
				00AC07AD2BEF97B200C8EF16 /* Assets.xcassets */,
				00AC07AF2BEF97B200C8EF16 /* Preview Content */,
			);
			path = "iOS12-HW23-Daniil-Ivanov";
			sourceTree = "<group>";
		};
		00AC07AF2BEF97B200C8EF16 /* Preview Content */ = {
			isa = PBXGroup;
			children = (
				00AC07B02BEF97B200C8EF16 /* Preview Assets.xcassets */,
			);
			path = "Preview Content";
			sourceTree = "<group>";
		};
		00AC07B92BEF9B0E00C8EF16 /* App */ = {
			isa = PBXGroup;
			children = (
				00AC07A92BEF97B100C8EF16 /* AppleMusicApp.swift */,
			);
			path = App;
			sourceTree = "<group>";
		};
		00AC07BA2BEF9B1400C8EF16 /* View */ = {
			isa = PBXGroup;
			children = (
				00AC07AB2BEF97B100C8EF16 /* ContentView.swift */,
				00AC07BB2BEF9B4100C8EF16 /* AppTabView.swift */,
				00AC07B72BEF9A8200C8EF16 /* LibraryView.swift */,
				00AC07BD2BEFB36A00C8EF16 /* PlayerView.swift */,
				00AC07BF2BF11C5000C8EF16 /* CategoryListView.swift */,
			);
			path = View;
			sourceTree = "<group>";
		};
		00AC07C12BF125D700C8EF16 /* Model */ = {
			isa = PBXGroup;
			children = (
				00AC07C22BF125E100C8EF16 /* Category.swift */,
			);
			path = Model;
			sourceTree = "<group>";
		};
		00AC07C42BF126A600C8EF16 /* Extensions */ = {
			isa = PBXGroup;
			children = (
				00AC07C52BF126BD00C8EF16 /* Category+Ext.swift */,
			);
			path = Extensions;
			sourceTree = "<group>";
		};
/* End PBXGroup section */

/* Begin PBXNativeTarget section */
		00AC07A52BEF97B100C8EF16 /* AppleMusic */ = {
			isa = PBXNativeTarget;
			buildConfigurationList = 00AC07B42BEF97B200C8EF16 /* Build configuration list for PBXNativeTarget "AppleMusic" */;
			buildPhases = (
				00AC07A22BEF97B100C8EF16 /* Sources */,
				00AC07A32BEF97B100C8EF16 /* Frameworks */,
				00AC07A42BEF97B100C8EF16 /* Resources */,
			);
			buildRules = (
			);
			dependencies = (
			);
			name = AppleMusic;
			productName = "iOS12-HW23-Daniil-Ivanov";
			productReference = 00AC07A62BEF97B100C8EF16 /* AppleMusic.app */;
			productType = "com.apple.product-type.application";
		};
/* End PBXNativeTarget section */

/* Begin PBXProject section */
		00AC079E2BEF97B100C8EF16 /* Project object */ = {
			isa = PBXProject;
			attributes = {
				BuildIndependentTargetsInParallel = 1;
				LastSwiftUpdateCheck = 1530;
				LastUpgradeCheck = 1530;
				TargetAttributes = {
					00AC07A52BEF97B100C8EF16 = {
						CreatedOnToolsVersion = 15.3;
					};
				};
			};
			buildConfigurationList = 00AC07A12BEF97B100C8EF16 /* Build configuration list for PBXProject "AppleMusic" */;
			compatibilityVersion = "Xcode 14.0";
			developmentRegion = en;
			hasScannedForEncodings = 0;
			knownRegions = (
				en,
				Base,
			);
			mainGroup = 00AC079D2BEF97B100C8EF16;
			productRefGroup = 00AC07A72BEF97B100C8EF16 /* Products */;
			projectDirPath = "";
			projectRoot = "";
			targets = (
				00AC07A52BEF97B100C8EF16 /* AppleMusic */,
			);
		};
/* End PBXProject section */

/* Begin PBXResourcesBuildPhase section */
		00AC07A42BEF97B100C8EF16 /* Resources */ = {
			isa = PBXResourcesBuildPhase;
			buildActionMask = 2147483647;
			files = (
				00AC07B12BEF97B200C8EF16 /* Preview Assets.xcassets in Resources */,
				00AC07AE2BEF97B200C8EF16 /* Assets.xcassets in Resources */,
			);
			runOnlyForDeploymentPostprocessing = 0;
		};
/* End PBXResourcesBuildPhase section */

/* Begin PBXSourcesBuildPhase section */
		00AC07A22BEF97B100C8EF16 /* Sources */ = {
			isa = PBXSourcesBuildPhase;
			buildActionMask = 2147483647;
			files = (
				00AC07C02BF11C5000C8EF16 /* CategoryListView.swift in Sources */,
				00AC07AC2BEF97B100C8EF16 /* ContentView.swift in Sources */,
				00AC07B82BEF9A8200C8EF16 /* LibraryView.swift in Sources */,
				00AC07BC2BEF9B4100C8EF16 /* AppTabView.swift in Sources */,
				00AC07BE2BEFB36A00C8EF16 /* PlayerView.swift in Sources */,
				00AC07AA2BEF97B100C8EF16 /* AppleMusicApp.swift in Sources */,
				00AC07C32BF125E100C8EF16 /* Category.swift in Sources */,
				00AC07C62BF126BD00C8EF16 /* Category+Ext.swift in Sources */,
			);
			runOnlyForDeploymentPostprocessing = 0;
		};
/* End PBXSourcesBuildPhase section */

/* Begin XCBuildConfiguration section */
		00AC07B22BEF97B200C8EF16 /* Debug */ = {
			isa = XCBuildConfiguration;
			buildSettings = {
				ALWAYS_SEARCH_USER_PATHS = NO;
				ASSETCATALOG_COMPILER_GENERATE_SWIFT_ASSET_SYMBOL_EXTENSIONS = YES;
				CLANG_ANALYZER_NONNULL = YES;
				CLANG_ANALYZER_NUMBER_OBJECT_CONVERSION = YES_AGGRESSIVE;
				CLANG_CXX_LANGUAGE_STANDARD = "gnu++20";
				CLANG_ENABLE_MODULES = YES;
				CLANG_ENABLE_OBJC_ARC = YES;
				CLANG_ENABLE_OBJC_WEAK = YES;
				CLANG_WARN_BLOCK_CAPTURE_AUTORELEASING = YES;
				CLANG_WARN_BOOL_CONVERSION = YES;
				CLANG_WARN_COMMA = YES;
				CLANG_WARN_CONSTANT_CONVERSION = YES;
				CLANG_WARN_DEPRECATED_OBJC_IMPLEMENTATIONS = YES;
				CLANG_WARN_DIRECT_OBJC_ISA_USAGE = YES_ERROR;
				CLANG_WARN_DOCUMENTATION_COMMENTS = YES;
				CLANG_WARN_EMPTY_BODY = YES;
				CLANG_WARN_ENUM_CONVERSION = YES;
				CLANG_WARN_INFINITE_RECURSION = YES;
				CLANG_WARN_INT_CONVERSION = YES;
				CLANG_WARN_NON_LITERAL_NULL_CONVERSION = YES;
				CLANG_WARN_OBJC_IMPLICIT_RETAIN_SELF = YES;
				CLANG_WARN_OBJC_LITERAL_CONVERSION = YES;
				CLANG_WARN_OBJC_ROOT_CLASS = YES_ERROR;
				CLANG_WARN_QUOTED_INCLUDE_IN_FRAMEWORK_HEADER = YES;
				CLANG_WARN_RANGE_LOOP_ANALYSIS = YES;
				CLANG_WARN_STRICT_PROTOTYPES = YES;
				CLANG_WARN_SUSPICIOUS_MOVE = YES;
				CLANG_WARN_UNGUARDED_AVAILABILITY = YES_AGGRESSIVE;
				CLANG_WARN_UNREACHABLE_CODE = YES;
				CLANG_WARN__DUPLICATE_METHOD_MATCH = YES;
				COPY_PHASE_STRIP = NO;
				DEBUG_INFORMATION_FORMAT = dwarf;
				ENABLE_STRICT_OBJC_MSGSEND = YES;
				ENABLE_TESTABILITY = YES;
				ENABLE_USER_SCRIPT_SANDBOXING = YES;
				GCC_C_LANGUAGE_STANDARD = gnu17;
				GCC_DYNAMIC_NO_PIC = NO;
				GCC_NO_COMMON_BLOCKS = YES;
				GCC_OPTIMIZATION_LEVEL = 0;
				GCC_PREPROCESSOR_DEFINITIONS = (
					"DEBUG=1",
					"$(inherited)",
				);
				GCC_WARN_64_TO_32_BIT_CONVERSION = YES;
				GCC_WARN_ABOUT_RETURN_TYPE = YES_ERROR;
				GCC_WARN_UNDECLARED_SELECTOR = YES;
				GCC_WARN_UNINITIALIZED_AUTOS = YES_AGGRESSIVE;
				GCC_WARN_UNUSED_FUNCTION = YES;
				GCC_WARN_UNUSED_VARIABLE = YES;
				IPHONEOS_DEPLOYMENT_TARGET = 17.4;
				LOCALIZATION_PREFERS_STRING_CATALOGS = YES;
				MTL_ENABLE_DEBUG_INFO = INCLUDE_SOURCE;
				MTL_FAST_MATH = YES;
				ONLY_ACTIVE_ARCH = YES;
				SDKROOT = iphoneos;
				SWIFT_ACTIVE_COMPILATION_CONDITIONS = "DEBUG $(inherited)";
				SWIFT_OPTIMIZATION_LEVEL = "-Onone";
			};
			name = Debug;
		};
		00AC07B32BEF97B200C8EF16 /* Release */ = {
			isa = XCBuildConfiguration;
			buildSettings = {
				ALWAYS_SEARCH_USER_PATHS = NO;
				ASSETCATALOG_COMPILER_GENERATE_SWIFT_ASSET_SYMBOL_EXTENSIONS = YES;
				CLANG_ANALYZER_NONNULL = YES;
				CLANG_ANALYZER_NUMBER_OBJECT_CONVERSION = YES_AGGRESSIVE;
				CLANG_CXX_LANGUAGE_STANDARD = "gnu++20";
				CLANG_ENABLE_MODULES = YES;
				CLANG_ENABLE_OBJC_ARC = YES;
				CLANG_ENABLE_OBJC_WEAK = YES;
				CLANG_WARN_BLOCK_CAPTURE_AUTORELEASING = YES;
				CLANG_WARN_BOOL_CONVERSION = YES;
				CLANG_WARN_COMMA = YES;
				CLANG_WARN_CONSTANT_CONVERSION = YES;
				CLANG_WARN_DEPRECATED_OBJC_IMPLEMENTATIONS = YES;
				CLANG_WARN_DIRECT_OBJC_ISA_USAGE = YES_ERROR;
				CLANG_WARN_DOCUMENTATION_COMMENTS = YES;
				CLANG_WARN_EMPTY_BODY = YES;
				CLANG_WARN_ENUM_CONVERSION = YES;
				CLANG_WARN_INFINITE_RECURSION = YES;
				CLANG_WARN_INT_CONVERSION = YES;
				CLANG_WARN_NON_LITERAL_NULL_CONVERSION = YES;
				CLANG_WARN_OBJC_IMPLICIT_RETAIN_SELF = YES;
				CLANG_WARN_OBJC_LITERAL_CONVERSION = YES;
				CLANG_WARN_OBJC_ROOT_CLASS = YES_ERROR;
				CLANG_WARN_QUOTED_INCLUDE_IN_FRAMEWORK_HEADER = YES;
				CLANG_WARN_RANGE_LOOP_ANALYSIS = YES;
				CLANG_WARN_STRICT_PROTOTYPES = YES;
				CLANG_WARN_SUSPICIOUS_MOVE = YES;
				CLANG_WARN_UNGUARDED_AVAILABILITY = YES_AGGRESSIVE;
				CLANG_WARN_UNREACHABLE_CODE = YES;
				CLANG_WARN__DUPLICATE_METHOD_MATCH = YES;
				COPY_PHASE_STRIP = NO;
				DEBUG_INFORMATION_FORMAT = "dwarf-with-dsym";
				ENABLE_NS_ASSERTIONS = NO;
				ENABLE_STRICT_OBJC_MSGSEND = YES;
				ENABLE_USER_SCRIPT_SANDBOXING = YES;
				GCC_C_LANGUAGE_STANDARD = gnu17;
				GCC_NO_COMMON_BLOCKS = YES;
				GCC_WARN_64_TO_32_BIT_CONVERSION = YES;
				GCC_WARN_ABOUT_RETURN_TYPE = YES_ERROR;
				GCC_WARN_UNDECLARED_SELECTOR = YES;
				GCC_WARN_UNINITIALIZED_AUTOS = YES_AGGRESSIVE;
				GCC_WARN_UNUSED_FUNCTION = YES;
				GCC_WARN_UNUSED_VARIABLE = YES;
				IPHONEOS_DEPLOYMENT_TARGET = 17.4;
				LOCALIZATION_PREFERS_STRING_CATALOGS = YES;
				MTL_ENABLE_DEBUG_INFO = NO;
				MTL_FAST_MATH = YES;
				SDKROOT = iphoneos;
				SWIFT_COMPILATION_MODE = wholemodule;
				VALIDATE_PRODUCT = YES;
			};
			name = Release;
		};
		00AC07B52BEF97B200C8EF16 /* Debug */ = {
			isa = XCBuildConfiguration;
			buildSettings = {
				ASSETCATALOG_COMPILER_APPICON_NAME = AppIcon;
				ASSETCATALOG_COMPILER_GLOBAL_ACCENT_COLOR_NAME = AccentColor;
				CODE_SIGN_STYLE = Automatic;
				CURRENT_PROJECT_VERSION = 1;
				DEVELOPMENT_ASSET_PATHS = "\"iOS12-HW23-Daniil-Ivanov/Preview Content\"";
				DEVELOPMENT_TEAM = LLM6YPG7Q7;
				ENABLE_PREVIEWS = YES;
				GENERATE_INFOPLIST_FILE = YES;
				INFOPLIST_KEY_UIApplicationSceneManifest_Generation = YES;
				INFOPLIST_KEY_UIApplicationSupportsIndirectInputEvents = YES;
				INFOPLIST_KEY_UILaunchScreen_Generation = YES;
				INFOPLIST_KEY_UISupportedInterfaceOrientations = UIInterfaceOrientationPortrait;
				INFOPLIST_KEY_UISupportedInterfaceOrientations_iPad = "UIInterfaceOrientationLandscapeLeft UIInterfaceOrientationLandscapeRight UIInterfaceOrientationPortrait UIInterfaceOrientationPortraitUpsideDown";
				LD_RUNPATH_SEARCH_PATHS = (
					"$(inherited)",
					"@executable_path/Frameworks",
				);
				MARKETING_VERSION = 1.0;
				PRODUCT_BUNDLE_IDENTIFIER = "com.example.iOS12-HW23-Daniil-Ivanov";
				PRODUCT_NAME = "$(TARGET_NAME)";
				SUPPORTED_PLATFORMS = "iphoneos iphonesimulator";
				SUPPORTS_MACCATALYST = NO;
				SUPPORTS_MAC_DESIGNED_FOR_IPHONE_IPAD = NO;
				SUPPORTS_XR_DESIGNED_FOR_IPHONE_IPAD = NO;
				SWIFT_EMIT_LOC_STRINGS = YES;
				SWIFT_VERSION = 5.0;
				TARGETED_DEVICE_FAMILY = 1;
			};
			name = Debug;
		};
		00AC07B62BEF97B200C8EF16 /* Release */ = {
			isa = XCBuildConfiguration;
			buildSettings = {
				ASSETCATALOG_COMPILER_APPICON_NAME = AppIcon;
				ASSETCATALOG_COMPILER_GLOBAL_ACCENT_COLOR_NAME = AccentColor;
				CODE_SIGN_STYLE = Automatic;
				CURRENT_PROJECT_VERSION = 1;
				DEVELOPMENT_ASSET_PATHS = "\"iOS12-HW23-Daniil-Ivanov/Preview Content\"";
				DEVELOPMENT_TEAM = LLM6YPG7Q7;
				ENABLE_PREVIEWS = YES;
				GENERATE_INFOPLIST_FILE = YES;
				INFOPLIST_KEY_UIApplicationSceneManifest_Generation = YES;
				INFOPLIST_KEY_UIApplicationSupportsIndirectInputEvents = YES;
				INFOPLIST_KEY_UILaunchScreen_Generation = YES;
				INFOPLIST_KEY_UISupportedInterfaceOrientations = UIInterfaceOrientationPortrait;
				INFOPLIST_KEY_UISupportedInterfaceOrientations_iPad = "UIInterfaceOrientationLandscapeLeft UIInterfaceOrientationLandscapeRight UIInterfaceOrientationPortrait UIInterfaceOrientationPortraitUpsideDown";
				LD_RUNPATH_SEARCH_PATHS = (
					"$(inherited)",
					"@executable_path/Frameworks",
				);
				MARKETING_VERSION = 1.0;
				PRODUCT_BUNDLE_IDENTIFIER = "com.example.iOS12-HW23-Daniil-Ivanov";
				PRODUCT_NAME = "$(TARGET_NAME)";
				SUPPORTED_PLATFORMS = "iphoneos iphonesimulator";
				SUPPORTS_MACCATALYST = NO;
				SUPPORTS_MAC_DESIGNED_FOR_IPHONE_IPAD = NO;
				SUPPORTS_XR_DESIGNED_FOR_IPHONE_IPAD = NO;
				SWIFT_EMIT_LOC_STRINGS = YES;
				SWIFT_VERSION = 5.0;
				TARGETED_DEVICE_FAMILY = 1;
			};
			name = Release;
		};
/* End XCBuildConfiguration section */

/* Begin XCConfigurationList section */
		00AC07A12BEF97B100C8EF16 /* Build configuration list for PBXProject "AppleMusic" */ = {
			isa = XCConfigurationList;
			buildConfigurations = (
				00AC07B22BEF97B200C8EF16 /* Debug */,
				00AC07B32BEF97B200C8EF16 /* Release */,
			);
			defaultConfigurationIsVisible = 0;
			defaultConfigurationName = Release;
		};
		00AC07B42BEF97B200C8EF16 /* Build configuration list for PBXNativeTarget "AppleMusic" */ = {
			isa = XCConfigurationList;
			buildConfigurations = (
				00AC07B52BEF97B200C8EF16 /* Debug */,
				00AC07B62BEF97B200C8EF16 /* Release */,
			);
			defaultConfigurationIsVisible = 0;
			defaultConfigurationName = Release;
		};
/* End XCConfigurationList section */
	};
	rootObject = 00AC079E2BEF97B100C8EF16 /* Project object */;
}
